Microsoft Visual Studio Solution File, Format Version 12.00
# Visual Studio Version 17
VisualStudioVersion = 17.7.34003.232
MinimumVisualStudioVersion = 10.0.40219.1
Project("{9A19103F-16F7-4668-BE54-9A1E7A4F7556}") = "FluentWinver", "FluentWinver\FluentWinver.csproj", "{D3CF65FD-EFD2-40A1-96FB-8F5C50563F8F}"
EndProject
Project("{9A19103F-16F7-4668-BE54-9A1E7A4F7556}") = "SharpWinver", "SharpWinver\SharpWinver.csproj", "{260829DF-C6EB-4084-A056-C7CD342A69E9}"
EndProject
Project("{FAE04EC0-301F-11D3-BF4B-00C04F79EFBC}") = "SharpWinNTInterop", "SharpWinNTInterop\SharpWinNTInterop.csproj", "{B62099BC-E079-4759-9DD0-0EF293045065}"
EndProject
Global
	GlobalSection(SolutionConfigurationPlatforms) = preSolution
		Debug|Any CPU = Debug|Any CPU
		Debug|ARM64 = Debug|ARM64
		Debug|x64 = Debug|x64
		Debug|x86 = Debug|x86
		Debug-AOT|Any CPU = Debug-AOT|Any CPU
		Debug-AOT|ARM64 = Debug-AOT|ARM64
		Debug-AOT|x64 = Debug-AOT|x64
		Debug-AOT|x86 = Debug-AOT|x86
		Release|Any CPU = Release|Any CPU
		Release|ARM64 = Release|ARM64
		Release|x64 = Release|x64
		Release|x86 = Release|x86
		Release-AOT|Any CPU = Release-AOT|Any CPU
		Release-AOT|ARM64 = Release-AOT|ARM64
		Release-AOT|x64 = Release-AOT|x64
		Release-AOT|x86 = Release-AOT|x86
	EndGlobalSection
	GlobalSection(ProjectConfigurationPlatforms) = postSolution
		{D3CF65FD-EFD2-40A1-96FB-8F5C50563F8F}.Debug|Any CPU.ActiveCfg = Debug|x64
		{D3CF65FD-EFD2-40A1-96FB-8F5C50563F8F}.Debug|Any CPU.Build.0 = Debug|x64
		{D3CF65FD-EFD2-40A1-96FB-8F5C50563F8F}.Debug|Any CPU.Deploy.0 = Debug|x64
		{D3CF65FD-EFD2-40A1-96FB-8F5C50563F8F}.Debug|ARM64.ActiveCfg = Debug|ARM64
		{D3CF65FD-EFD2-40A1-96FB-8F5C50563F8F}.Debug|ARM64.Build.0 = Debug|ARM64
		{D3CF65FD-EFD2-40A1-96FB-8F5C50563F8F}.Debug|ARM64.Deploy.0 = Debug|ARM64
		{D3CF65FD-EFD2-40A1-96FB-8F5C50563F8F}.Debug|x64.ActiveCfg = Debug|x64
		{D3CF65FD-EFD2-40A1-96FB-8F5C50563F8F}.Debug|x64.Build.0 = Debug|x64
		{D3CF65FD-EFD2-40A1-96FB-8F5C50563F8F}.Debug|x64.Deploy.0 = Debug|x64
		{D3CF65FD-EFD2-40A1-96FB-8F5C50563F8F}.Debug|x86.ActiveCfg = Debug|x86
		{D3CF65FD-EFD2-40A1-96FB-8F5C50563F8F}.Debug|x86.Build.0 = Debug|x86
		{D3CF65FD-EFD2-40A1-96FB-8F5C50563F8F}.Debug|x86.Deploy.0 = Debug|x86
		{D3CF65FD-EFD2-40A1-96FB-8F5C50563F8F}.Debug-AOT|Any CPU.ActiveCfg = Debug-AOT|x64
		{D3CF65FD-EFD2-40A1-96FB-8F5C50563F8F}.Debug-AOT|Any CPU.Build.0 = Debug-AOT|x64
		{D3CF65FD-EFD2-40A1-96FB-8F5C50563F8F}.Debug-AOT|Any CPU.Deploy.0 = Debug-AOT|x64
		{D3CF65FD-EFD2-40A1-96FB-8F5C50563F8F}.Debug-AOT|ARM64.ActiveCfg = Debug-AOT|ARM64
		{D3CF65FD-EFD2-40A1-96FB-8F5C50563F8F}.Debug-AOT|ARM64.Build.0 = Debug-AOT|ARM64
		{D3CF65FD-EFD2-40A1-96FB-8F5C50563F8F}.Debug-AOT|ARM64.Deploy.0 = Debug-AOT|ARM64
		{D3CF65FD-EFD2-40A1-96FB-8F5C50563F8F}.Debug-AOT|x64.ActiveCfg = Debug-AOT|x64
		{D3CF65FD-EFD2-40A1-96FB-8F5C50563F8F}.Debug-AOT|x64.Build.0 = Debug-AOT|x64
		{D3CF65FD-EFD2-40A1-96FB-8F5C50563F8F}.Debug-AOT|x64.Deploy.0 = Debug-AOT|x64
		{D3CF65FD-EFD2-40A1-96FB-8F5C50563F8F}.Debug-AOT|x86.ActiveCfg = Debug-AOT|x86
		{D3CF65FD-EFD2-40A1-96FB-8F5C50563F8F}.Debug-AOT|x86.Build.0 = Debug-AOT|x86
		{D3CF65FD-EFD2-40A1-96FB-8F5C50563F8F}.Debug-AOT|x86.Deploy.0 = Debug-AOT|x86
		{D3CF65FD-EFD2-40A1-96FB-8F5C50563F8F}.Release|Any CPU.ActiveCfg = Release|x64
		{D3CF65FD-EFD2-40A1-96FB-8F5C50563F8F}.Release|Any CPU.Build.0 = Release|x64
		{D3CF65FD-EFD2-40A1-96FB-8F5C50563F8F}.Release|Any CPU.Deploy.0 = Release|x64
		{D3CF65FD-EFD2-40A1-96FB-8F5C50563F8F}.Release|ARM64.ActiveCfg = Release|ARM64
		{D3CF65FD-EFD2-40A1-96FB-8F5C50563F8F}.Release|ARM64.Build.0 = Release|ARM64
		{D3CF65FD-EFD2-40A1-96FB-8F5C50563F8F}.Release|ARM64.Deploy.0 = Release|ARM64
		{D3CF65FD-EFD2-40A1-96FB-8F5C50563F8F}.Release|x64.ActiveCfg = Release|x64
		{D3CF65FD-EFD2-40A1-96FB-8F5C50563F8F}.Release|x64.Build.0 = Release|x64
		{D3CF65FD-EFD2-40A1-96FB-8F5C50563F8F}.Release|x64.Deploy.0 = Release|x64
		{D3CF65FD-EFD2-40A1-96FB-8F5C50563F8F}.Release|x86.ActiveCfg = Release|x86
		{D3CF65FD-EFD2-40A1-96FB-8F5C50563F8F}.Release|x86.Build.0 = Release|x86
		{D3CF65FD-EFD2-40A1-96FB-8F5C50563F8F}.Release|x86.Deploy.0 = Release|x86
		{D3CF65FD-EFD2-40A1-96FB-8F5C50563F8F}.Release-AOT|Any CPU.ActiveCfg = Release-AOT|x64
		{D3CF65FD-EFD2-40A1-96FB-8F5C50563F8F}.Release-AOT|Any CPU.Build.0 = Release-AOT|x64
		{D3CF65FD-EFD2-40A1-96FB-8F5C50563F8F}.Release-AOT|Any CPU.Deploy.0 = Release-AOT|x64
		{D3CF65FD-EFD2-40A1-96FB-8F5C50563F8F}.Release-AOT|ARM64.ActiveCfg = Release-AOT|ARM64
		{D3CF65FD-EFD2-40A1-96FB-8F5C50563F8F}.Release-AOT|ARM64.Build.0 = Release-AOT|ARM64
		{D3CF65FD-EFD2-40A1-96FB-8F5C50563F8F}.Release-AOT|ARM64.Deploy.0 = Release-AOT|ARM64
		{D3CF65FD-EFD2-40A1-96FB-8F5C50563F8F}.Release-AOT|x64.ActiveCfg = Release-AOT|x64
		{D3CF65FD-EFD2-40A1-96FB-8F5C50563F8F}.Release-AOT|x64.Build.0 = Release-AOT|x64
		{D3CF65FD-EFD2-40A1-96FB-8F5C50563F8F}.Release-AOT|x64.Deploy.0 = Release-AOT|x64
		{D3CF65FD-EFD2-40A1-96FB-8F5C50563F8F}.Release-AOT|x86.ActiveCfg = Release-AOT|x86
		{D3CF65FD-EFD2-40A1-96FB-8F5C50563F8F}.Release-AOT|x86.Build.0 = Release-AOT|x86
		{D3CF65FD-EFD2-40A1-96FB-8F5C50563F8F}.Release-AOT|x86.Deploy.0 = Release-AOT|x86
		{260829DF-C6EB-4084-A056-C7CD342A69E9}.Debug|Any CPU.ActiveCfg = Debug|Any CPU
		{260829DF-C6EB-4084-A056-C7CD342A69E9}.Debug|Any CPU.Build.0 = Debug|Any CPU
		{260829DF-C6EB-4084-A056-C7CD342A69E9}.Debug|ARM64.ActiveCfg = Debug|Any CPU
		{260829DF-C6EB-4084-A056-C7CD342A69E9}.Debug|ARM64.Build.0 = Debug|Any CPU
		{260829DF-C6EB-4084-A056-C7CD342A69E9}.Debug|x64.ActiveCfg = Debug|Any CPU
		{260829DF-C6EB-4084-A056-C7CD342A69E9}.Debug|x64.Build.0 = Debug|Any CPU
		{260829DF-C6EB-4084-A056-C7CD342A69E9}.Debug|x86.ActiveCfg = Debug|Any CPU
		{260829DF-C6EB-4084-A056-C7CD342A69E9}.Debug|x86.Build.0 = Debug|Any CPU
		{260829DF-C6EB-4084-A056-C7CD342A69E9}.Debug-AOT|Any CPU.ActiveCfg = Debug|Any CPU
		{260829DF-C6EB-4084-A056-C7CD342A69E9}.Debug-AOT|Any CPU.Build.0 = Debug|Any CPU
		{260829DF-C6EB-4084-A056-C7CD342A69E9}.Debug-AOT|ARM64.ActiveCfg = Debug|Any CPU
		{260829DF-C6EB-4084-A056-C7CD342A69E9}.Debug-AOT|ARM64.Build.0 = Debug|Any CPU
		{260829DF-C6EB-4084-A056-C7CD342A69E9}.Debug-AOT|x64.ActiveCfg = Debug|Any CPU
		{260829DF-C6EB-4084-A056-C7CD342A69E9}.Debug-AOT|x64.Build.0 = Debug|Any CPU
		{260829DF-C6EB-4084-A056-C7CD342A69E9}.Debug-AOT|x86.ActiveCfg = Debug|Any CPU
		{260829DF-C6EB-4084-A056-C7CD342A69E9}.Debug-AOT|x86.Build.0 = Debug|Any CPU
		{260829DF-C6EB-4084-A056-C7CD342A69E9}.Release|Any CPU.ActiveCfg = Release|Any CPU
		{260829DF-C6EB-4084-A056-C7CD342A69E9}.Release|Any CPU.Build.0 = Release|Any CPU
		{260829DF-C6EB-4084-A056-C7CD342A69E9}.Release|ARM64.ActiveCfg = Release|Any CPU
		{260829DF-C6EB-4084-A056-C7CD342A69E9}.Release|ARM64.Build.0 = Release|Any CPU
		{260829DF-C6EB-4084-A056-C7CD342A69E9}.Release|x64.ActiveCfg = Release|Any CPU
		{260829DF-C6EB-4084-A056-C7CD342A69E9}.Release|x64.Build.0 = Release|Any CPU
		{260829DF-C6EB-4084-A056-C7CD342A69E9}.Release|x86.ActiveCfg = Release|Any CPU
		{260829DF-C6EB-4084-A056-C7CD342A69E9}.Release|x86.Build.0 = Release|Any CPU
		{260829DF-C6EB-4084-A056-C7CD342A69E9}.Release-AOT|Any CPU.ActiveCfg = Release|Any CPU
		{260829DF-C6EB-4084-A056-C7CD342A69E9}.Release-AOT|Any CPU.Build.0 = Release|Any CPU
		{260829DF-C6EB-4084-A056-C7CD342A69E9}.Release-AOT|ARM64.ActiveCfg = Release|Any CPU
		{260829DF-C6EB-4084-A056-C7CD342A69E9}.Release-AOT|ARM64.Build.0 = Release|Any CPU
		{260829DF-C6EB-4084-A056-C7CD342A69E9}.Release-AOT|x64.ActiveCfg = Release|Any CPU
		{260829DF-C6EB-4084-A056-C7CD342A69E9}.Release-AOT|x64.Build.0 = Release|Any CPU
		{260829DF-C6EB-4084-A056-C7CD342A69E9}.Release-AOT|x86.ActiveCfg = Release|Any CPU
		{260829DF-C6EB-4084-A056-C7CD342A69E9}.Release-AOT|x86.Build.0 = Release|Any CPU
		{B62099BC-E079-4759-9DD0-0EF293045065}.Debug|Any CPU.ActiveCfg = Debug|Any CPU
		{B62099BC-E079-4759-9DD0-0EF293045065}.Debug|Any CPU.Build.0 = Debug|Any CPU
		{B62099BC-E079-4759-9DD0-0EF293045065}.Debug|ARM64.ActiveCfg = Debug|Any CPU
		{B62099BC-E079-4759-9DD0-0EF293045065}.Debug|ARM64.Build.0 = Debug|Any CPU
		{B62099BC-E079-4759-9DD0-0EF293045065}.Debug|x64.ActiveCfg = Debug|Any CPU
		{B62099BC-E079-4759-9DD0-0EF293045065}.Debug|x64.Build.0 = Debug|Any CPU
		{B62099BC-E079-4759-9DD0-0EF293045065}.Debug|x86.ActiveCfg = Debug|Any CPU
		{B62099BC-E079-4759-9DD0-0EF293045065}.Debug|x86.Build.0 = Debug|Any CPU
		{B62099BC-E079-4759-9DD0-0EF293045065}.Debug-AOT|Any CPU.ActiveCfg = Debug|Any CPU
		{B62099BC-E079-4759-9DD0-0EF293045065}.Debug-AOT|Any CPU.Build.0 = Debug|Any CPU
		{B62099BC-E079-4759-9DD0-0EF293045065}.Debug-AOT|ARM64.ActiveCfg = Debug|Any CPU
		{B62099BC-E079-4759-9DD0-0EF293045065}.Debug-AOT|ARM64.Build.0 = Debug|Any CPU
		{B62099BC-E079-4759-9DD0-0EF293045065}.Debug-AOT|x64.ActiveCfg = Debug|Any CPU
		{B62099BC-E079-4759-9DD0-0EF293045065}.Debug-AOT|x64.Build.0 = Debug|Any CPU
		{B62099BC-E079-4759-9DD0-0EF293045065}.Debug-AOT|x86.ActiveCfg = Debug|Any CPU
		{B62099BC-E079-4759-9DD0-0EF293045065}.Debug-AOT|x86.Build.0 = Debug|Any CPU
		{B62099BC-E079-4759-9DD0-0EF293045065}.Release|Any CPU.ActiveCfg = Release|Any CPU
		{B62099BC-E079-4759-9DD0-0EF293045065}.Release|Any CPU.Build.0 = Release|Any CPU
		{B62099BC-E079-4759-9DD0-0EF293045065}.Release|ARM64.ActiveCfg = Release|Any CPU
		{B62099BC-E079-4759-9DD0-0EF293045065}.Release|ARM64.Build.0 = Release|Any CPU
		{B62099BC-E079-4759-9DD0-0EF293045065}.Release|x64.ActiveCfg = Release|Any CPU
		{B62099BC-E079-4759-9DD0-0EF293045065}.Release|x64.Build.0 = Release|Any CPU
		{B62099BC-E079-4759-9DD0-0EF293045065}.Release|x86.ActiveCfg = Release|Any CPU
		{B62099BC-E079-4759-9DD0-0EF293045065}.Release|x86.Build.0 = Release|Any CPU
		{B62099BC-E079-4759-9DD0-0EF293045065}.Release-AOT|Any CPU.ActiveCfg = Release|Any CPU
		{B62099BC-E079-4759-9DD0-0EF293045065}.Release-AOT|Any CPU.Build.0 = Release|Any CPU
		{B62099BC-E079-4759-9DD0-0EF293045065}.Release-AOT|ARM64.ActiveCfg = Release|Any CPU
		{B62099BC-E079-4759-9DD0-0EF293045065}.Release-AOT|ARM64.Build.0 = Release|Any CPU
		{B62099BC-E079-4759-9DD0-0EF293045065}.Release-AOT|x64.ActiveCfg = Release|Any CPU
		{B62099BC-E079-4759-9DD0-0EF293045065}.Release-AOT|x64.Build.0 = Release|Any CPU
		{B62099BC-E079-4759-9DD0-0EF293045065}.Release-AOT|x86.ActiveCfg = Release|Any CPU
		{B62099BC-E079-4759-9DD0-0EF293045065}.Release-AOT|x86.Build.0 = Release|Any CPU
		{88C04245-0BAB-40CD-8E02-2DA3D608B790}.Debug|Any CPU.ActiveCfg = Debug|Any CPU
		{88C04245-0BAB-40CD-8E02-2DA3D608B790}.Debug|Any CPU.Build.0 = Debug|Any CPU
		{88C04245-0BAB-40CD-8E02-2DA3D608B790}.Debug|ARM64.ActiveCfg = Debug|Any CPU
		{88C04245-0BAB-40CD-8E02-2DA3D608B790}.Debug|ARM64.Build.0 = Debug|Any CPU
		{88C04245-0BAB-40CD-8E02-2DA3D608B790}.Debug|x64.ActiveCfg = Debug|Any CPU
		{88C04245-0BAB-40CD-8E02-2DA3D608B790}.Debug|x64.Build.0 = Debug|Any CPU
		{88C04245-0BAB-40CD-8E02-2DA3D608B790}.Debug|x86.ActiveCfg = Debug|Any CPU
		{88C04245-0BAB-40CD-8E02-2DA3D608B790}.Debug|x86.Build.0 = Debug|Any CPU
		{88C04245-0BAB-40CD-8E02-2DA3D608B790}.Debug-AOT|Any CPU.ActiveCfg = Debug|Any CPU
		{88C04245-0BAB-40CD-8E02-2DA3D608B790}.Debug-AOT|Any CPU.Build.0 = Debug|Any CPU
		{88C04245-0BAB-40CD-8E02-2DA3D608B790}.Debug-AOT|ARM64.ActiveCfg = Debug|Any CPU
		{88C04245-0BAB-40CD-8E02-2DA3D608B790}.Debug-AOT|ARM64.Build.0 = Debug|Any CPU
		{88C04245-0BAB-40CD-8E02-2DA3D608B790}.Debug-AOT|x64.ActiveCfg = Debug|Any CPU
		{88C04245-0BAB-40CD-8E02-2DA3D608B790}.Debug-AOT|x64.Build.0 = Debug|Any CPU
		{88C04245-0BAB-40CD-8E02-2DA3D608B790}.Debug-AOT|x86.ActiveCfg = Debug|Any CPU
		{88C04245-0BAB-40CD-8E02-2DA3D608B790}.Debug-AOT|x86.Build.0 = Debug|Any CPU
		{88C04245-0BAB-40CD-8E02-2DA3D608B790}.Release|Any CPU.ActiveCfg = Release|Any CPU
		{88C04245-0BAB-40CD-8E02-2DA3D608B790}.Release|Any CPU.Build.0 = Release|Any CPU
		{88C04245-0BAB-40CD-8E02-2DA3D608B790}.Release|ARM64.ActiveCfg = Release|Any CPU
		{88C04245-0BAB-40CD-8E02-2DA3D608B790}.Release|ARM64.Build.0 = Release|Any CPU
		{88C04245-0BAB-40CD-8E02-2DA3D608B790}.Release|x64.ActiveCfg = Release|Any CPU
		{88C04245-0BAB-40CD-8E02-2DA3D608B790}.Release|x64.Build.0 = Release|Any CPU
		{88C04245-0BAB-40CD-8E02-2DA3D608B790}.Release|x86.ActiveCfg = Release|Any CPU
		{88C04245-0BAB-40CD-8E02-2DA3D608B790}.Release|x86.Build.0 = Release|Any CPU
		{88C04245-0BAB-40CD-8E02-2DA3D608B790}.Release-AOT|Any CPU.ActiveCfg = Release|Any CPU
		{88C04245-0BAB-40CD-8E02-2DA3D608B790}.Release-AOT|Any CPU.Build.0 = Release|Any CPU
		{88C04245-0BAB-40CD-8E02-2DA3D608B790}.Release-AOT|ARM64.ActiveCfg = Release|Any CPU
		{88C04245-0BAB-40CD-8E02-2DA3D608B790}.Release-AOT|ARM64.Build.0 = Release|Any CPU
		{88C04245-0BAB-40CD-8E02-2DA3D608B790}.Release-AOT|x64.ActiveCfg = Release|Any CPU
		{88C04245-0BAB-40CD-8E02-2DA3D608B790}.Release-AOT|x64.Build.0 = Release|Any CPU
		{88C04245-0BAB-40CD-8E02-2DA3D608B790}.Release-AOT|x86.ActiveCfg = Release|Any CPU
		{88C04245-0BAB-40CD-8E02-2DA3D608B790}.Release-AOT|x86.Build.0 = Release|Any CPU
		{BE836BE7-6C65-42E8-BB5E-80AF0B3E0808}.Debug|Any CPU.ActiveCfg = Debug|x64
		{BE836BE7-6C65-42E8-BB5E-80AF0B3E0808}.Debug|Any CPU.Build.0 = Debug|x64
		{BE836BE7-6C65-42E8-BB5E-80AF0B3E0808}.Debug|Any CPU.Deploy.0 = Debug|x64
		{BE836BE7-6C65-42E8-BB5E-80AF0B3E0808}.Debug|ARM64.ActiveCfg = Debug|ARM64
		{BE836BE7-6C65-42E8-BB5E-80AF0B3E0808}.Debug|ARM64.Build.0 = Debug|ARM64
		{BE836BE7-6C65-42E8-BB5E-80AF0B3E0808}.Debug|ARM64.Deploy.0 = Debug|ARM64
		{BE836BE7-6C65-42E8-BB5E-80AF0B3E0808}.Debug|x64.ActiveCfg = Debug|x64
		{BE836BE7-6C65-42E8-BB5E-80AF0B3E0808}.Debug|x64.Build.0 = Debug|x64
		{BE836BE7-6C65-42E8-BB5E-80AF0B3E0808}.Debug|x64.Deploy.0 = Debug|x64
		{BE836BE7-6C65-42E8-BB5E-80AF0B3E0808}.Debug|x86.ActiveCfg = Debug|x86
		{BE836BE7-6C65-42E8-BB5E-80AF0B3E0808}.Debug|x86.Build.0 = Debug|x86
		{BE836BE7-6C65-42E8-BB5E-80AF0B3E0808}.Debug|x86.Deploy.0 = Debug|x86
		{BE836BE7-6C65-42E8-BB5E-80AF0B3E0808}.Debug-AOT|Any CPU.ActiveCfg = Debug|x64
		{BE836BE7-6C65-42E8-BB5E-80AF0B3E0808}.Debug-AOT|Any CPU.Build.0 = Debug|x64
		{BE836BE7-6C65-42E8-BB5E-80AF0B3E0808}.Debug-AOT|Any CPU.Deploy.0 = Debug|x64
		{BE836BE7-6C65-42E8-BB5E-80AF0B3E0808}.Debug-AOT|ARM64.ActiveCfg = Debug|ARM64
		{BE836BE7-6C65-42E8-BB5E-80AF0B3E0808}.Debug-AOT|ARM64.Build.0 = Debug|ARM64
		{BE836BE7-6C65-42E8-BB5E-80AF0B3E0808}.Debug-AOT|ARM64.Deploy.0 = Debug|ARM64
		{BE836BE7-6C65-42E8-BB5E-80AF0B3E0808}.Debug-AOT|x64.ActiveCfg = Debug|x64
		{BE836BE7-6C65-42E8-BB5E-80AF0B3E0808}.Debug-AOT|x64.Build.0 = Debug|x64
		{BE836BE7-6C65-42E8-BB5E-80AF0B3E0808}.Debug-AOT|x64.Deploy.0 = Debug|x64
		{BE836BE7-6C65-42E8-BB5E-80AF0B3E0808}.Debug-AOT|x86.ActiveCfg = Debug|x86
		{BE836BE7-6C65-42E8-BB5E-80AF0B3E0808}.Debug-AOT|x86.Build.0 = Debug|x86
		{BE836BE7-6C65-42E8-BB5E-80AF0B3E0808}.Debug-AOT|x86.Deploy.0 = Debug|x86
		{BE836BE7-6C65-42E8-BB5E-80AF0B3E0808}.Release|Any CPU.ActiveCfg = Release|x64
		{BE836BE7-6C65-42E8-BB5E-80AF0B3E0808}.Release|Any CPU.Build.0 = Release|x64
		{BE836BE7-6C65-42E8-BB5E-80AF0B3E0808}.Release|Any CPU.Deploy.0 = Release|x64
		{BE836BE7-6C65-42E8-BB5E-80AF0B3E0808}.Release|ARM64.ActiveCfg = Release|ARM64
		{BE836BE7-6C65-42E8-BB5E-80AF0B3E0808}.Release|ARM64.Build.0 = Release|ARM64
		{BE836BE7-6C65-42E8-BB5E-80AF0B3E0808}.Release|ARM64.Deploy.0 = Release|ARM64
		{BE836BE7-6C65-42E8-BB5E-80AF0B3E0808}.Release|x64.ActiveCfg = Release|x64
		{BE836BE7-6C65-42E8-BB5E-80AF0B3E0808}.Release|x64.Build.0 = Release|x64
		{BE836BE7-6C65-42E8-BB5E-80AF0B3E0808}.Release|x64.Deploy.0 = Release|x64
		{BE836BE7-6C65-42E8-BB5E-80AF0B3E0808}.Release|x86.ActiveCfg = Release|x86
		{BE836BE7-6C65-42E8-BB5E-80AF0B3E0808}.Release|x86.Build.0 = Release|x86
		{BE836BE7-6C65-42E8-BB5E-80AF0B3E0808}.Release|x86.Deploy.0 = Release|x86
		{BE836BE7-6C65-42E8-BB5E-80AF0B3E0808}.Release-AOT|Any CPU.ActiveCfg = Release|x64
		{BE836BE7-6C65-42E8-BB5E-80AF0B3E0808}.Release-AOT|Any CPU.Build.0 = Release|x64
		{BE836BE7-6C65-42E8-BB5E-80AF0B3E0808}.Release-AOT|Any CPU.Deploy.0 = Release|x64
		{BE836BE7-6C65-42E8-BB5E-80AF0B3E0808}.Release-AOT|ARM64.ActiveCfg = Release|ARM64
		{BE836BE7-6C65-42E8-BB5E-80AF0B3E0808}.Release-AOT|ARM64.Build.0 = Release|ARM64
		{BE836BE7-6C65-42E8-BB5E-80AF0B3E0808}.Release-AOT|ARM64.Deploy.0 = Release|ARM64
		{BE836BE7-6C65-42E8-BB5E-80AF0B3E0808}.Release-AOT|x64.ActiveCfg = Release|x64
		{BE836BE7-6C65-42E8-BB5E-80AF0B3E0808}.Release-AOT|x64.Build.0 = Release|x64
		{BE836BE7-6C65-42E8-BB5E-80AF0B3E0808}.Release-AOT|x64.Deploy.0 = Release|x64
		{BE836BE7-6C65-42E8-BB5E-80AF0B3E0808}.Release-AOT|x86.ActiveCfg = Release|x86
		{BE836BE7-6C65-42E8-BB5E-80AF0B3E0808}.Release-AOT|x86.Build.0 = Release|x86
		{BE836BE7-6C65-42E8-BB5E-80AF0B3E0808}.Release-AOT|x86.Deploy.0 = Release|x86
	EndGlobalSection
	GlobalSection(SolutionProperties) = preSolution
		HideSolutionNode = FALSE
	EndGlobalSection
EndGlobal
